
Microsoft Visual Studio Solution File, Format Version 12.00
# Visual Studio Version 16
VisualStudioVersion = 16.0.29509.3
MinimumVisualStudioVersion = 10.0.40219.1
Project("{9A19103F-16F7-4668-BE54-9A1E7A4F7556}") = "Miso.Api", "Miso.Api\Miso.Api.csproj", "{80322FC0-C43B-4CD6-89F6-C53AA5454840}"
EndProject
Global
	GlobalSection(SolutionConfigurationPlatforms) = preSolution
		Debug|Any CPU = Debug|Any CPU
		Release|Any CPU = Release|Any CPU
	EndGlobalSection
	GlobalSection(ProjectConfigurationPlatforms) = postSolution
		{80322FC0-C43B-4CD6-89F6-C53AA5454840}.Debug|Any CPU.ActiveCfg = Debug|Any CPU
		{80322FC0-C43B-4CD6-89F6-C53AA5454840}.Debug|Any CPU.Build.0 = Debug|Any CPU
		{80322FC0-C43B-4CD6-89F6-C53AA5454840}.Release|Any CPU.ActiveCfg = Release|Any CPU
		{80322FC0-C43B-4CD6-89F6-C53AA5454840}.Release|Any CPU.Build.0 = Release|Any CPU
	EndGlobalSection
	GlobalSection(SolutionProperties) = preSolution
		HideSolutionNode = FALSE
	EndGlobalSection
	GlobalSection(ExtensibilityGlobals) = postSolution
		SolutionGuid = {5848D214-B894-4919-8D8D-78E159ECB6ED}
	EndGlobalSection
EndGlobal
